{
  "version": 3,
  "targets": {
    ".NETCoreApp,Version=v2.1": {
      "Meadow.DebugSolSources/0.3.224": {
        "type": "package"
      }
    },
    ".NETCoreApp,Version=v2.1/any": {
      "Meadow.DebugSolSources/0.3.224": {
        "type": "package",
        "tools": {
          "tools/netcoreapp2.1/any/BouncyCastle.Crypto.dll": {},
          "tools/netcoreapp2.1/any/DotnetToolSettings.xml": {},
          "tools/netcoreapp2.1/any/Dynamitey.dll": {},
          "tools/netcoreapp2.1/any/Humanizer.dll": {},
          "tools/netcoreapp2.1/any/ImpromptuInterface.dll": {},
          "tools/netcoreapp2.1/any/McMaster.Extensions.CommandLineUtils.dll": {},
          "tools/netcoreapp2.1/any/Meadow.Contract.dll": {},
          "tools/netcoreapp2.1/any/Meadow.Contract.pdb": {},
          "tools/netcoreapp2.1/any/Meadow.Contract.xml": {},
          "tools/netcoreapp2.1/any/Meadow.Core.dll": {},
          "tools/netcoreapp2.1/any/Meadow.Core.pdb": {},
          "tools/netcoreapp2.1/any/Meadow.Core.xml": {},
          "tools/netcoreapp2.1/any/Meadow.CoverageReport.Views.dll": {},
          "tools/netcoreapp2.1/any/Meadow.CoverageReport.Views.pdb": {},
          "tools/netcoreapp2.1/any/Meadow.CoverageReport.dll": {},
          "tools/netcoreapp2.1/any/Meadow.CoverageReport.pdb": {},
          "tools/netcoreapp2.1/any/Meadow.CoverageReport.xml": {},
          "tools/netcoreapp2.1/any/Meadow.DebugAdapterServer.dll": {},
          "tools/netcoreapp2.1/any/Meadow.DebugAdapterServer.pdb": {},
          "tools/netcoreapp2.1/any/Meadow.DebugAdapterServer.xml": {},
          "tools/netcoreapp2.1/any/Meadow.DebugSolSources.deps.json": {},
          "tools/netcoreapp2.1/any/Meadow.DebugSolSources.dll": {},
          "tools/netcoreapp2.1/any/Meadow.DebugSolSources.pdb": {},
          "tools/netcoreapp2.1/any/Meadow.DebugSolSources.runtimeconfig.json": {},
          "tools/netcoreapp2.1/any/Meadow.DebugSolSources.xml": {},
          "tools/netcoreapp2.1/any/Meadow.EVM.dll": {},
          "tools/netcoreapp2.1/any/Meadow.EVM.pdb": {},
          "tools/netcoreapp2.1/any/Meadow.EVM.xml": {},
          "tools/netcoreapp2.1/any/Meadow.JsonRpc.Client.dll": {},
          "tools/netcoreapp2.1/any/Meadow.JsonRpc.Client.pdb": {},
          "tools/netcoreapp2.1/any/Meadow.JsonRpc.Client.xml": {},
          "tools/netcoreapp2.1/any/Meadow.JsonRpc.Server.dll": {},
          "tools/netcoreapp2.1/any/Meadow.JsonRpc.Server.pdb": {},
          "tools/netcoreapp2.1/any/Meadow.JsonRpc.Server.xml": {},
          "tools/netcoreapp2.1/any/Meadow.JsonRpc.dll": {},
          "tools/netcoreapp2.1/any/Meadow.JsonRpc.pdb": {},
          "tools/netcoreapp2.1/any/Meadow.JsonRpc.xml": {},
          "tools/netcoreapp2.1/any/Meadow.SolCodeGen.dll": {},
          "tools/netcoreapp2.1/any/Meadow.SolCodeGen.pdb": {},
          "tools/netcoreapp2.1/any/Meadow.SolCodeGen.xml": {},
          "tools/netcoreapp2.1/any/Meadow.TestNode.dll": {},
          "tools/netcoreapp2.1/any/Meadow.TestNode.pdb": {},
          "tools/netcoreapp2.1/any/Meadow.TestNode.xml": {},
          "tools/netcoreapp2.1/any/Microsoft.AspNetCore.Antiforgery.dll": {},
          "tools/netcoreapp2.1/any/Microsoft.AspNetCore.Authentication.Abstractions.dll": {},
          "tools/netcoreapp2.1/any/Microsoft.AspNetCore.Authentication.Core.dll": {},
          "tools/netcoreapp2.1/any/Microsoft.AspNetCore.Authorization.Policy.dll": {},
          "tools/netcoreapp2.1/any/Microsoft.AspNetCore.Authorization.dll": {},
          "tools/netcoreapp2.1/any/Microsoft.AspNetCore.Connections.Abstractions.dll": {},
          "tools/netcoreapp2.1/any/Microsoft.AspNetCore.Cors.dll": {},
          "tools/netcoreapp2.1/any/Microsoft.AspNetCore.Cryptography.Internal.dll": {},
          "tools/netcoreapp2.1/any/Microsoft.AspNetCore.Cryptography.KeyDerivation.dll": {},
          "tools/netcoreapp2.1/any/Microsoft.AspNetCore.DataProtection.Abstractions.dll": {},
          "tools/netcoreapp2.1/any/Microsoft.AspNetCore.DataProtection.dll": {},
          "tools/netcoreapp2.1/any/Microsoft.AspNetCore.Diagnostics.Abstractions.dll": {},
          "tools/netcoreapp2.1/any/Microsoft.AspNetCore.Hosting.Abstractions.dll": {},
          "tools/netcoreapp2.1/any/Microsoft.AspNetCore.Hosting.Server.Abstractions.dll": {},
          "tools/netcoreapp2.1/any/Microsoft.AspNetCore.Hosting.dll": {},
          "tools/netcoreapp2.1/any/Microsoft.AspNetCore.Html.Abstractions.dll": {},
          "tools/netcoreapp2.1/any/Microsoft.AspNetCore.Http.Abstractions.dll": {},
          "tools/netcoreapp2.1/any/Microsoft.AspNetCore.Http.Extensions.dll": {},
          "tools/netcoreapp2.1/any/Microsoft.AspNetCore.Http.Features.dll": {},
          "tools/netcoreapp2.1/any/Microsoft.AspNetCore.Http.dll": {},
          "tools/netcoreapp2.1/any/Microsoft.AspNetCore.JsonPatch.dll": {},
          "tools/netcoreapp2.1/any/Microsoft.AspNetCore.Localization.dll": {},
          "tools/netcoreapp2.1/any/Microsoft.AspNetCore.Mvc.Abstractions.dll": {},
          "tools/netcoreapp2.1/any/Microsoft.AspNetCore.Mvc.ApiExplorer.dll": {},
          "tools/netcoreapp2.1/any/Microsoft.AspNetCore.Mvc.Core.dll": {},
          "tools/netcoreapp2.1/any/Microsoft.AspNetCore.Mvc.Cors.dll": {},
          "tools/netcoreapp2.1/any/Microsoft.AspNetCore.Mvc.DataAnnotations.dll": {},
          "tools/netcoreapp2.1/any/Microsoft.AspNetCore.Mvc.Formatters.Json.dll": {},
          "tools/netcoreapp2.1/any/Microsoft.AspNetCore.Mvc.Localization.dll": {},
          "tools/netcoreapp2.1/any/Microsoft.AspNetCore.Mvc.Razor.Extensions.dll": {},
          "tools/netcoreapp2.1/any/Microsoft.AspNetCore.Mvc.Razor.dll": {},
          "tools/netcoreapp2.1/any/Microsoft.AspNetCore.Mvc.RazorPages.dll": {},
          "tools/netcoreapp2.1/any/Microsoft.AspNetCore.Mvc.TagHelpers.dll": {},
          "tools/netcoreapp2.1/any/Microsoft.AspNetCore.Mvc.ViewFeatures.dll": {},
          "tools/netcoreapp2.1/any/Microsoft.AspNetCore.Mvc.dll": {},
          "tools/netcoreapp2.1/any/Microsoft.AspNetCore.Razor.Language.dll": {},
          "tools/netcoreapp2.1/any/Microsoft.AspNetCore.Razor.Runtime.dll": {},
          "tools/netcoreapp2.1/any/Microsoft.AspNetCore.Razor.dll": {},
          "tools/netcoreapp2.1/any/Microsoft.AspNetCore.ResponseCaching.Abstractions.dll": {},
          "tools/netcoreapp2.1/any/Microsoft.AspNetCore.Routing.Abstractions.dll": {},
          "tools/netcoreapp2.1/any/Microsoft.AspNetCore.Routing.dll": {},
          "tools/netcoreapp2.1/any/Microsoft.AspNetCore.Server.Kestrel.Core.dll": {},
          "tools/netcoreapp2.1/any/Microsoft.AspNetCore.Server.Kestrel.Https.dll": {},
          "tools/netcoreapp2.1/any/Microsoft.AspNetCore.Server.Kestrel.Transport.Abstractions.dll": {},
          "tools/netcoreapp2.1/any/Microsoft.AspNetCore.Server.Kestrel.Transport.Sockets.dll": {},
          "tools/netcoreapp2.1/any/Microsoft.AspNetCore.Server.Kestrel.dll": {},
          "tools/netcoreapp2.1/any/Microsoft.AspNetCore.WebSockets.dll": {},
          "tools/netcoreapp2.1/any/Microsoft.AspNetCore.WebUtilities.dll": {},
          "tools/netcoreapp2.1/any/Microsoft.CodeAnalysis.CSharp.Features.dll": {},
          "tools/netcoreapp2.1/any/Microsoft.CodeAnalysis.CSharp.Workspaces.dll": {},
          "tools/netcoreapp2.1/any/Microsoft.CodeAnalysis.CSharp.dll": {},
          "tools/netcoreapp2.1/any/Microsoft.CodeAnalysis.Features.dll": {},
          "tools/netcoreapp2.1/any/Microsoft.CodeAnalysis.Razor.dll": {},
          "tools/netcoreapp2.1/any/Microsoft.CodeAnalysis.Workspaces.dll": {},
          "tools/netcoreapp2.1/any/Microsoft.CodeAnalysis.dll": {},
          "tools/netcoreapp2.1/any/Microsoft.DotNet.PlatformAbstractions.dll": {},
          "tools/netcoreapp2.1/any/Microsoft.Extensions.Caching.Abstractions.dll": {},
          "tools/netcoreapp2.1/any/Microsoft.Extensions.Caching.Memory.dll": {},
          "tools/netcoreapp2.1/any/Microsoft.Extensions.Configuration.Abstractions.dll": {},
          "tools/netcoreapp2.1/any/Microsoft.Extensions.Configuration.Binder.dll": {},
          "tools/netcoreapp2.1/any/Microsoft.Extensions.Configuration.EnvironmentVariables.dll": {},
          "tools/netcoreapp2.1/any/Microsoft.Extensions.Configuration.FileExtensions.dll": {},
          "tools/netcoreapp2.1/any/Microsoft.Extensions.Configuration.dll": {},
          "tools/netcoreapp2.1/any/Microsoft.Extensions.DependencyInjection.Abstractions.dll": {},
          "tools/netcoreapp2.1/any/Microsoft.Extensions.DependencyInjection.dll": {},
          "tools/netcoreapp2.1/any/Microsoft.Extensions.DependencyModel.dll": {},
          "tools/netcoreapp2.1/any/Microsoft.Extensions.FileProviders.Abstractions.dll": {},
          "tools/netcoreapp2.1/any/Microsoft.Extensions.FileProviders.Composite.dll": {},
          "tools/netcoreapp2.1/any/Microsoft.Extensions.FileProviders.Embedded.dll": {},
          "tools/netcoreapp2.1/any/Microsoft.Extensions.FileProviders.Physical.dll": {},
          "tools/netcoreapp2.1/any/Microsoft.Extensions.FileSystemGlobbing.dll": {},
          "tools/netcoreapp2.1/any/Microsoft.Extensions.Hosting.Abstractions.dll": {},
          "tools/netcoreapp2.1/any/Microsoft.Extensions.Http.dll": {},
          "tools/netcoreapp2.1/any/Microsoft.Extensions.Localization.Abstractions.dll": {},
          "tools/netcoreapp2.1/any/Microsoft.Extensions.Localization.dll": {},
          "tools/netcoreapp2.1/any/Microsoft.Extensions.Logging.Abstractions.dll": {},
          "tools/netcoreapp2.1/any/Microsoft.Extensions.Logging.dll": {},
          "tools/netcoreapp2.1/any/Microsoft.Extensions.ObjectPool.dll": {},
          "tools/netcoreapp2.1/any/Microsoft.Extensions.Options.dll": {},
          "tools/netcoreapp2.1/any/Microsoft.Extensions.Primitives.dll": {},
          "tools/netcoreapp2.1/any/Microsoft.Extensions.WebEncoders.dll": {},
          "tools/netcoreapp2.1/any/Microsoft.Net.Http.Headers.dll": {},
          "tools/netcoreapp2.1/any/Microsoft.VisualStudio.Shared.VSCodeDebugProtocol.dll": {},
          "tools/netcoreapp2.1/any/Newtonsoft.Json.Bson.dll": {},
          "tools/netcoreapp2.1/any/Newtonsoft.Json.dll": {},
          "tools/netcoreapp2.1/any/Secp256k1.Net.dll": {},
          "tools/netcoreapp2.1/any/SolcNet.dll": {},
          "tools/netcoreapp2.1/any/System.Composition.AttributedModel.dll": {},
          "tools/netcoreapp2.1/any/System.Composition.Convention.dll": {},
          "tools/netcoreapp2.1/any/System.Composition.Hosting.dll": {},
          "tools/netcoreapp2.1/any/System.Composition.Runtime.dll": {},
          "tools/netcoreapp2.1/any/System.Composition.TypedParts.dll": {},
          "tools/netcoreapp2.1/any/System.Diagnostics.DiagnosticSource.dll": {},
          "tools/netcoreapp2.1/any/System.IO.Pipelines.dll": {},
          "tools/netcoreapp2.1/any/System.Net.WebSockets.WebSocketProtocol.dll": {},
          "tools/netcoreapp2.1/any/System.Runtime.CompilerServices.Unsafe.dll": {},
          "tools/netcoreapp2.1/any/System.Security.Cryptography.Pkcs.dll": {},
          "tools/netcoreapp2.1/any/System.Security.Cryptography.Xml.dll": {},
          "tools/netcoreapp2.1/any/System.Security.Permissions.dll": {},
          "tools/netcoreapp2.1/any/System.Text.Encodings.Web.dll": {},
          "tools/netcoreapp2.1/any/cs/Microsoft.CodeAnalysis.CSharp.Features.resources.dll": {},
          "tools/netcoreapp2.1/any/cs/Microsoft.CodeAnalysis.CSharp.Workspaces.resources.dll": {},
          "tools/netcoreapp2.1/any/cs/Microsoft.CodeAnalysis.CSharp.resources.dll": {},
          "tools/netcoreapp2.1/any/cs/Microsoft.CodeAnalysis.Features.resources.dll": {},
          "tools/netcoreapp2.1/any/cs/Microsoft.CodeAnalysis.Workspaces.resources.dll": {},
          "tools/netcoreapp2.1/any/cs/Microsoft.CodeAnalysis.resources.dll": {},
          "tools/netcoreapp2.1/any/de/Microsoft.CodeAnalysis.CSharp.Features.resources.dll": {},
          "tools/netcoreapp2.1/any/de/Microsoft.CodeAnalysis.CSharp.Workspaces.resources.dll": {},
          "tools/netcoreapp2.1/any/de/Microsoft.CodeAnalysis.CSharp.resources.dll": {},
          "tools/netcoreapp2.1/any/de/Microsoft.CodeAnalysis.Features.resources.dll": {},
          "tools/netcoreapp2.1/any/de/Microsoft.CodeAnalysis.Workspaces.resources.dll": {},
          "tools/netcoreapp2.1/any/de/Microsoft.CodeAnalysis.resources.dll": {},
          "tools/netcoreapp2.1/any/es/Microsoft.CodeAnalysis.CSharp.Features.resources.dll": {},
          "tools/netcoreapp2.1/any/es/Microsoft.CodeAnalysis.CSharp.Workspaces.resources.dll": {},
          "tools/netcoreapp2.1/any/es/Microsoft.CodeAnalysis.CSharp.resources.dll": {},
          "tools/netcoreapp2.1/any/es/Microsoft.CodeAnalysis.Features.resources.dll": {},
          "tools/netcoreapp2.1/any/es/Microsoft.CodeAnalysis.Workspaces.resources.dll": {},
          "tools/netcoreapp2.1/any/es/Microsoft.CodeAnalysis.resources.dll": {},
          "tools/netcoreapp2.1/any/fr/Microsoft.CodeAnalysis.CSharp.Features.resources.dll": {},
          "tools/netcoreapp2.1/any/fr/Microsoft.CodeAnalysis.CSharp.Workspaces.resources.dll": {},
          "tools/netcoreapp2.1/any/fr/Microsoft.CodeAnalysis.CSharp.resources.dll": {},
          "tools/netcoreapp2.1/any/fr/Microsoft.CodeAnalysis.Features.resources.dll": {},
          "tools/netcoreapp2.1/any/fr/Microsoft.CodeAnalysis.Workspaces.resources.dll": {},
          "tools/netcoreapp2.1/any/fr/Microsoft.CodeAnalysis.resources.dll": {},
          "tools/netcoreapp2.1/any/it/Microsoft.CodeAnalysis.CSharp.Features.resources.dll": {},
          "tools/netcoreapp2.1/any/it/Microsoft.CodeAnalysis.CSharp.Workspaces.resources.dll": {},
          "tools/netcoreapp2.1/any/it/Microsoft.CodeAnalysis.CSharp.resources.dll": {},
          "tools/netcoreapp2.1/any/it/Microsoft.CodeAnalysis.Features.resources.dll": {},
          "tools/netcoreapp2.1/any/it/Microsoft.CodeAnalysis.Workspaces.resources.dll": {},
          "tools/netcoreapp2.1/any/it/Microsoft.CodeAnalysis.resources.dll": {},
          "tools/netcoreapp2.1/any/ja/Microsoft.CodeAnalysis.CSharp.Features.resources.dll": {},
          "tools/netcoreapp2.1/any/ja/Microsoft.CodeAnalysis.CSharp.Workspaces.resources.dll": {},
          "tools/netcoreapp2.1/any/ja/Microsoft.CodeAnalysis.CSharp.resources.dll": {},
          "tools/netcoreapp2.1/any/ja/Microsoft.CodeAnalysis.Features.resources.dll": {},
          "tools/netcoreapp2.1/any/ja/Microsoft.CodeAnalysis.Workspaces.resources.dll": {},
          "tools/netcoreapp2.1/any/ja/Microsoft.CodeAnalysis.resources.dll": {},
          "tools/netcoreapp2.1/any/ko/Microsoft.CodeAnalysis.CSharp.Features.resources.dll": {},
          "tools/netcoreapp2.1/any/ko/Microsoft.CodeAnalysis.CSharp.Workspaces.resources.dll": {},
          "tools/netcoreapp2.1/any/ko/Microsoft.CodeAnalysis.CSharp.resources.dll": {},
          "tools/netcoreapp2.1/any/ko/Microsoft.CodeAnalysis.Features.resources.dll": {},
          "tools/netcoreapp2.1/any/ko/Microsoft.CodeAnalysis.Workspaces.resources.dll": {},
          "tools/netcoreapp2.1/any/ko/Microsoft.CodeAnalysis.resources.dll": {},
          "tools/netcoreapp2.1/any/native/linux-x64/libsecp256k1.so": {},
          "tools/netcoreapp2.1/any/native/linux-x64/libsolc.so": {},
          "tools/netcoreapp2.1/any/native/osx-x64/libsecp256k1.dylib": {},
          "tools/netcoreapp2.1/any/native/osx-x64/libsolc.dylib": {},
          "tools/netcoreapp2.1/any/native/win-x64/secp256k1.dll": {},
          "tools/netcoreapp2.1/any/native/win-x64/solc.dll": {},
          "tools/netcoreapp2.1/any/native/win-x86/secp256k1.dll": {},
          "tools/netcoreapp2.1/any/native/win-x86/solc.dll": {},
          "tools/netcoreapp2.1/any/pl/Microsoft.CodeAnalysis.CSharp.Features.resources.dll": {},
          "tools/netcoreapp2.1/any/pl/Microsoft.CodeAnalysis.CSharp.Workspaces.resources.dll": {},
          "tools/netcoreapp2.1/any/pl/Microsoft.CodeAnalysis.CSharp.resources.dll": {},
          "tools/netcoreapp2.1/any/pl/Microsoft.CodeAnalysis.Features.resources.dll": {},
          "tools/netcoreapp2.1/any/pl/Microsoft.CodeAnalysis.Workspaces.resources.dll": {},
          "tools/netcoreapp2.1/any/pl/Microsoft.CodeAnalysis.resources.dll": {},
          "tools/netcoreapp2.1/any/pt-BR/Microsoft.CodeAnalysis.CSharp.Features.resources.dll": {},
          "tools/netcoreapp2.1/any/pt-BR/Microsoft.CodeAnalysis.CSharp.Workspaces.resources.dll": {},
          "tools/netcoreapp2.1/any/pt-BR/Microsoft.CodeAnalysis.CSharp.resources.dll": {},
          "tools/netcoreapp2.1/any/pt-BR/Microsoft.CodeAnalysis.Features.resources.dll": {},
          "tools/netcoreapp2.1/any/pt-BR/Microsoft.CodeAnalysis.Workspaces.resources.dll": {},
          "tools/netcoreapp2.1/any/pt-BR/Microsoft.CodeAnalysis.resources.dll": {},
          "tools/netcoreapp2.1/any/ru/Microsoft.CodeAnalysis.CSharp.Features.resources.dll": {},
          "tools/netcoreapp2.1/any/ru/Microsoft.CodeAnalysis.CSharp.Workspaces.resources.dll": {},
          "tools/netcoreapp2.1/any/ru/Microsoft.CodeAnalysis.CSharp.resources.dll": {},
          "tools/netcoreapp2.1/any/ru/Microsoft.CodeAnalysis.Features.resources.dll": {},
          "tools/netcoreapp2.1/any/ru/Microsoft.CodeAnalysis.Workspaces.resources.dll": {},
          "tools/netcoreapp2.1/any/ru/Microsoft.CodeAnalysis.resources.dll": {},
          "tools/netcoreapp2.1/any/runtimes/unix/lib/netstandard1.3/System.Text.Encoding.CodePages.dll": {},
          "tools/netcoreapp2.1/any/runtimes/win/lib/netcoreapp2.1/System.Security.Cryptography.Pkcs.dll": {},
          "tools/netcoreapp2.1/any/runtimes/win/lib/netstandard1.3/System.Text.Encoding.CodePages.dll": {},
          "tools/netcoreapp2.1/any/tr/Microsoft.CodeAnalysis.CSharp.Features.resources.dll": {},
          "tools/netcoreapp2.1/any/tr/Microsoft.CodeAnalysis.CSharp.Workspaces.resources.dll": {},
          "tools/netcoreapp2.1/any/tr/Microsoft.CodeAnalysis.CSharp.resources.dll": {},
          "tools/netcoreapp2.1/any/tr/Microsoft.CodeAnalysis.Features.resources.dll": {},
          "tools/netcoreapp2.1/any/tr/Microsoft.CodeAnalysis.Workspaces.resources.dll": {},
          "tools/netcoreapp2.1/any/tr/Microsoft.CodeAnalysis.resources.dll": {},
          "tools/netcoreapp2.1/any/zh-Hans/Microsoft.CodeAnalysis.CSharp.Features.resources.dll": {},
          "tools/netcoreapp2.1/any/zh-Hans/Microsoft.CodeAnalysis.CSharp.Workspaces.resources.dll": {},
          "tools/netcoreapp2.1/any/zh-Hans/Microsoft.CodeAnalysis.CSharp.resources.dll": {},
          "tools/netcoreapp2.1/any/zh-Hans/Microsoft.CodeAnalysis.Features.resources.dll": {},
          "tools/netcoreapp2.1/any/zh-Hans/Microsoft.CodeAnalysis.Workspaces.resources.dll": {},
          "tools/netcoreapp2.1/any/zh-Hans/Microsoft.CodeAnalysis.resources.dll": {},
          "tools/netcoreapp2.1/any/zh-Hant/Microsoft.CodeAnalysis.CSharp.Features.resources.dll": {},
          "tools/netcoreapp2.1/any/zh-Hant/Microsoft.CodeAnalysis.CSharp.Workspaces.resources.dll": {},
          "tools/netcoreapp2.1/any/zh-Hant/Microsoft.CodeAnalysis.CSharp.resources.dll": {},
          "tools/netcoreapp2.1/any/zh-Hant/Microsoft.CodeAnalysis.Features.resources.dll": {},
          "tools/netcoreapp2.1/any/zh-Hant/Microsoft.CodeAnalysis.Workspaces.resources.dll": {},
          "tools/netcoreapp2.1/any/zh-Hant/Microsoft.CodeAnalysis.resources.dll": {}
        }
      }
    }
  },
  "libraries": {
    "Meadow.DebugSolSources/0.3.224": {
      "sha512": "vGaJP2X2XRRuOs7tlfN27nO264xI39DjfEZg0UaTCvs/qZNl0zoHQiEGfMYCCXhuZm9JmCw/6VSSnQfiM/b9bA==",
      "type": "package",
      "path": "meadow.debugsolsources/0.3.224",
      "files": [
        ".signature.p7s",
        "meadow.debugsolsources.0.3.224.nupkg.sha512",
        "meadow.debugsolsources.nuspec",
        "tools/netcoreapp2.1/any/BouncyCastle.Crypto.dll",
        "tools/netcoreapp2.1/any/DotnetToolSettings.xml",
        "tools/netcoreapp2.1/any/Dynamitey.dll",
        "tools/netcoreapp2.1/any/Humanizer.dll",
        "tools/netcoreapp2.1/any/ImpromptuInterface.dll",
        "tools/netcoreapp2.1/any/McMaster.Extensions.CommandLineUtils.dll",
        "tools/netcoreapp2.1/any/Meadow.Contract.dll",
        "tools/netcoreapp2.1/any/Meadow.Contract.pdb",
        "tools/netcoreapp2.1/any/Meadow.Contract.xml",
        "tools/netcoreapp2.1/any/Meadow.Core.dll",
        "tools/netcoreapp2.1/any/Meadow.Core.pdb",
        "tools/netcoreapp2.1/any/Meadow.Core.xml",
        "tools/netcoreapp2.1/any/Meadow.CoverageReport.Views.dll",
        "tools/netcoreapp2.1/any/Meadow.CoverageReport.Views.pdb",
        "tools/netcoreapp2.1/any/Meadow.CoverageReport.dll",
        "tools/netcoreapp2.1/any/Meadow.CoverageReport.pdb",
        "tools/netcoreapp2.1/any/Meadow.CoverageReport.xml",
        "tools/netcoreapp2.1/any/Meadow.DebugAdapterServer.dll",
        "tools/netcoreapp2.1/any/Meadow.DebugAdapterServer.pdb",
        "tools/netcoreapp2.1/any/Meadow.DebugAdapterServer.xml",
        "tools/netcoreapp2.1/any/Meadow.DebugSolSources.deps.json",
        "tools/netcoreapp2.1/any/Meadow.DebugSolSources.dll",
        "tools/netcoreapp2.1/any/Meadow.DebugSolSources.pdb",
        "tools/netcoreapp2.1/any/Meadow.DebugSolSources.runtimeconfig.json",
        "tools/netcoreapp2.1/any/Meadow.DebugSolSources.xml",
        "tools/netcoreapp2.1/any/Meadow.EVM.dll",
        "tools/netcoreapp2.1/any/Meadow.EVM.pdb",
        "tools/netcoreapp2.1/any/Meadow.EVM.xml",
        "tools/netcoreapp2.1/any/Meadow.JsonRpc.Client.dll",
        "tools/netcoreapp2.1/any/Meadow.JsonRpc.Client.pdb",
        "tools/netcoreapp2.1/any/Meadow.JsonRpc.Client.xml",
        "tools/netcoreapp2.1/any/Meadow.JsonRpc.Server.dll",
        "tools/netcoreapp2.1/any/Meadow.JsonRpc.Server.pdb",
        "tools/netcoreapp2.1/any/Meadow.JsonRpc.Server.xml",
        "tools/netcoreapp2.1/any/Meadow.JsonRpc.dll",
        "tools/netcoreapp2.1/any/Meadow.JsonRpc.pdb",
        "tools/netcoreapp2.1/any/Meadow.JsonRpc.xml",
        "tools/netcoreapp2.1/any/Meadow.SolCodeGen.dll",
        "tools/netcoreapp2.1/any/Meadow.SolCodeGen.pdb",
        "tools/netcoreapp2.1/any/Meadow.SolCodeGen.xml",
        "tools/netcoreapp2.1/any/Meadow.TestNode.dll",
        "tools/netcoreapp2.1/any/Meadow.TestNode.pdb",
        "tools/netcoreapp2.1/any/Meadow.TestNode.xml",
        "tools/netcoreapp2.1/any/Microsoft.AspNetCore.Antiforgery.dll",
        "tools/netcoreapp2.1/any/Microsoft.AspNetCore.Authentication.Abstractions.dll",
        "tools/netcoreapp2.1/any/Microsoft.AspNetCore.Authentication.Core.dll",
        "tools/netcoreapp2.1/any/Microsoft.AspNetCore.Authorization.Policy.dll",
        "tools/netcoreapp2.1/any/Microsoft.AspNetCore.Authorization.dll",
        "tools/netcoreapp2.1/any/Microsoft.AspNetCore.Connections.Abstractions.dll",
        "tools/netcoreapp2.1/any/Microsoft.AspNetCore.Cors.dll",
        "tools/netcoreapp2.1/any/Microsoft.AspNetCore.Cryptography.Internal.dll",
        "tools/netcoreapp2.1/any/Microsoft.AspNetCore.Cryptography.KeyDerivation.dll",
        "tools/netcoreapp2.1/any/Microsoft.AspNetCore.DataProtection.Abstractions.dll",
        "tools/netcoreapp2.1/any/Microsoft.AspNetCore.DataProtection.dll",
        "tools/netcoreapp2.1/any/Microsoft.AspNetCore.Diagnostics.Abstractions.dll",
        "tools/netcoreapp2.1/any/Microsoft.AspNetCore.Hosting.Abstractions.dll",
        "tools/netcoreapp2.1/any/Microsoft.AspNetCore.Hosting.Server.Abstractions.dll",
        "tools/netcoreapp2.1/any/Microsoft.AspNetCore.Hosting.dll",
        "tools/netcoreapp2.1/any/Microsoft.AspNetCore.Html.Abstractions.dll",
        "tools/netcoreapp2.1/any/Microsoft.AspNetCore.Http.Abstractions.dll",
        "tools/netcoreapp2.1/any/Microsoft.AspNetCore.Http.Extensions.dll",
        "tools/netcoreapp2.1/any/Microsoft.AspNetCore.Http.Features.dll",
        "tools/netcoreapp2.1/any/Microsoft.AspNetCore.Http.dll",
        "tools/netcoreapp2.1/any/Microsoft.AspNetCore.JsonPatch.dll",
        "tools/netcoreapp2.1/any/Microsoft.AspNetCore.Localization.dll",
        "tools/netcoreapp2.1/any/Microsoft.AspNetCore.Mvc.Abstractions.dll",
        "tools/netcoreapp2.1/any/Microsoft.AspNetCore.Mvc.ApiExplorer.dll",
        "tools/netcoreapp2.1/any/Microsoft.AspNetCore.Mvc.Core.dll",
        "tools/netcoreapp2.1/any/Microsoft.AspNetCore.Mvc.Cors.dll",
        "tools/netcoreapp2.1/any/Microsoft.AspNetCore.Mvc.DataAnnotations.dll",
        "tools/netcoreapp2.1/any/Microsoft.AspNetCore.Mvc.Formatters.Json.dll",
        "tools/netcoreapp2.1/any/Microsoft.AspNetCore.Mvc.Localization.dll",
        "tools/netcoreapp2.1/any/Microsoft.AspNetCore.Mvc.Razor.Extensions.dll",
        "tools/netcoreapp2.1/any/Microsoft.AspNetCore.Mvc.Razor.dll",
        "tools/netcoreapp2.1/any/Microsoft.AspNetCore.Mvc.RazorPages.dll",
        "tools/netcoreapp2.1/any/Microsoft.AspNetCore.Mvc.TagHelpers.dll",
        "tools/netcoreapp2.1/any/Microsoft.AspNetCore.Mvc.ViewFeatures.dll",
        "tools/netcoreapp2.1/any/Microsoft.AspNetCore.Mvc.dll",
        "tools/netcoreapp2.1/any/Microsoft.AspNetCore.Razor.Language.dll",
        "tools/netcoreapp2.1/any/Microsoft.AspNetCore.Razor.Runtime.dll",
        "tools/netcoreapp2.1/any/Microsoft.AspNetCore.Razor.dll",
        "tools/netcoreapp2.1/any/Microsoft.AspNetCore.ResponseCaching.Abstractions.dll",
        "tools/netcoreapp2.1/any/Microsoft.AspNetCore.Routing.Abstractions.dll",
        "tools/netcoreapp2.1/any/Microsoft.AspNetCore.Routing.dll",
        "tools/netcoreapp2.1/any/Microsoft.AspNetCore.Server.Kestrel.Core.dll",
        "tools/netcoreapp2.1/any/Microsoft.AspNetCore.Server.Kestrel.Https.dll",
        "tools/netcoreapp2.1/any/Microsoft.AspNetCore.Server.Kestrel.Transport.Abstractions.dll",
        "tools/netcoreapp2.1/any/Microsoft.AspNetCore.Server.Kestrel.Transport.Sockets.dll",
        "tools/netcoreapp2.1/any/Microsoft.AspNetCore.Server.Kestrel.dll",
        "tools/netcoreapp2.1/any/Microsoft.AspNetCore.WebSockets.dll",
        "tools/netcoreapp2.1/any/Microsoft.AspNetCore.WebUtilities.dll",
        "tools/netcoreapp2.1/any/Microsoft.CodeAnalysis.CSharp.Features.dll",
        "tools/netcoreapp2.1/any/Microsoft.CodeAnalysis.CSharp.Workspaces.dll",
        "tools/netcoreapp2.1/any/Microsoft.CodeAnalysis.CSharp.dll",
        "tools/netcoreapp2.1/any/Microsoft.CodeAnalysis.Features.dll",
        "tools/netcoreapp2.1/any/Microsoft.CodeAnalysis.Razor.dll",
        "tools/netcoreapp2.1/any/Microsoft.CodeAnalysis.Workspaces.dll",
        "tools/netcoreapp2.1/any/Microsoft.CodeAnalysis.dll",
        "tools/netcoreapp2.1/any/Microsoft.DotNet.PlatformAbstractions.dll",
        "tools/netcoreapp2.1/any/Microsoft.Extensions.Caching.Abstractions.dll",
        "tools/netcoreapp2.1/any/Microsoft.Extensions.Caching.Memory.dll",
        "tools/netcoreapp2.1/any/Microsoft.Extensions.Configuration.Abstractions.dll",
        "tools/netcoreapp2.1/any/Microsoft.Extensions.Configuration.Binder.dll",
        "tools/netcoreapp2.1/any/Microsoft.Extensions.Configuration.EnvironmentVariables.dll",
        "tools/netcoreapp2.1/any/Microsoft.Extensions.Configuration.FileExtensions.dll",
        "tools/netcoreapp2.1/any/Microsoft.Extensions.Configuration.dll",
        "tools/netcoreapp2.1/any/Microsoft.Extensions.DependencyInjection.Abstractions.dll",
        "tools/netcoreapp2.1/any/Microsoft.Extensions.DependencyInjection.dll",
        "tools/netcoreapp2.1/any/Microsoft.Extensions.DependencyModel.dll",
        "tools/netcoreapp2.1/any/Microsoft.Extensions.FileProviders.Abstractions.dll",
        "tools/netcoreapp2.1/any/Microsoft.Extensions.FileProviders.Composite.dll",
        "tools/netcoreapp2.1/any/Microsoft.Extensions.FileProviders.Embedded.dll",
        "tools/netcoreapp2.1/any/Microsoft.Extensions.FileProviders.Physical.dll",
        "tools/netcoreapp2.1/any/Microsoft.Extensions.FileSystemGlobbing.dll",
        "tools/netcoreapp2.1/any/Microsoft.Extensions.Hosting.Abstractions.dll",
        "tools/netcoreapp2.1/any/Microsoft.Extensions.Http.dll",
        "tools/netcoreapp2.1/any/Microsoft.Extensions.Localization.Abstractions.dll",
        "tools/netcoreapp2.1/any/Microsoft.Extensions.Localization.dll",
        "tools/netcoreapp2.1/any/Microsoft.Extensions.Logging.Abstractions.dll",
        "tools/netcoreapp2.1/any/Microsoft.Extensions.Logging.dll",
        "tools/netcoreapp2.1/any/Microsoft.Extensions.ObjectPool.dll",
        "tools/netcoreapp2.1/any/Microsoft.Extensions.Options.dll",
        "tools/netcoreapp2.1/any/Microsoft.Extensions.Primitives.dll",
        "tools/netcoreapp2.1/any/Microsoft.Extensions.WebEncoders.dll",
        "tools/netcoreapp2.1/any/Microsoft.Net.Http.Headers.dll",
        "tools/netcoreapp2.1/any/Microsoft.VisualStudio.Shared.VSCodeDebugProtocol.dll",
        "tools/netcoreapp2.1/any/Newtonsoft.Json.Bson.dll",
        "tools/netcoreapp2.1/any/Newtonsoft.Json.dll",
        "tools/netcoreapp2.1/any/Secp256k1.Net.dll",
        "tools/netcoreapp2.1/any/SolcNet.dll",
        "tools/netcoreapp2.1/any/System.Composition.AttributedModel.dll",
        "tools/netcoreapp2.1/any/System.Composition.Convention.dll",
        "tools/netcoreapp2.1/any/System.Composition.Hosting.dll",
        "tools/netcoreapp2.1/any/System.Composition.Runtime.dll",
        "tools/netcoreapp2.1/any/System.Composition.TypedParts.dll",
        "tools/netcoreapp2.1/any/System.Diagnostics.DiagnosticSource.dll",
        "tools/netcoreapp2.1/any/System.IO.Pipelines.dll",
        "tools/netcoreapp2.1/any/System.Net.WebSockets.WebSocketProtocol.dll",
        "tools/netcoreapp2.1/any/System.Runtime.CompilerServices.Unsafe.dll",
        "tools/netcoreapp2.1/any/System.Security.Cryptography.Pkcs.dll",
        "tools/netcoreapp2.1/any/System.Security.Cryptography.Xml.dll",
        "tools/netcoreapp2.1/any/System.Security.Permissions.dll",
        "tools/netcoreapp2.1/any/System.Text.Encodings.Web.dll",
        "tools/netcoreapp2.1/any/cs/Microsoft.CodeAnalysis.CSharp.Features.resources.dll",
        "tools/netcoreapp2.1/any/cs/Microsoft.CodeAnalysis.CSharp.Workspaces.resources.dll",
        "tools/netcoreapp2.1/any/cs/Microsoft.CodeAnalysis.CSharp.resources.dll",
        "tools/netcoreapp2.1/any/cs/Microsoft.CodeAnalysis.Features.resources.dll",
        "tools/netcoreapp2.1/any/cs/Microsoft.CodeAnalysis.Workspaces.resources.dll",
        "tools/netcoreapp2.1/any/cs/Microsoft.CodeAnalysis.resources.dll",
        "tools/netcoreapp2.1/any/de/Microsoft.CodeAnalysis.CSharp.Features.resources.dll",
        "tools/netcoreapp2.1/any/de/Microsoft.CodeAnalysis.CSharp.Workspaces.resources.dll",
        "tools/netcoreapp2.1/any/de/Microsoft.CodeAnalysis.CSharp.resources.dll",
        "tools/netcoreapp2.1/any/de/Microsoft.CodeAnalysis.Features.resources.dll",
        "tools/netcoreapp2.1/any/de/Microsoft.CodeAnalysis.Workspaces.resources.dll",
        "tools/netcoreapp2.1/any/de/Microsoft.CodeAnalysis.resources.dll",
        "tools/netcoreapp2.1/any/es/Microsoft.CodeAnalysis.CSharp.Features.resources.dll",
        "tools/netcoreapp2.1/any/es/Microsoft.CodeAnalysis.CSharp.Workspaces.resources.dll",
        "tools/netcoreapp2.1/any/es/Microsoft.CodeAnalysis.CSharp.resources.dll",
        "tools/netcoreapp2.1/any/es/Microsoft.CodeAnalysis.Features.resources.dll",
        "tools/netcoreapp2.1/any/es/Microsoft.CodeAnalysis.Workspaces.resources.dll",
        "tools/netcoreapp2.1/any/es/Microsoft.CodeAnalysis.resources.dll",
        "tools/netcoreapp2.1/any/fr/Microsoft.CodeAnalysis.CSharp.Features.resources.dll",
        "tools/netcoreapp2.1/any/fr/Microsoft.CodeAnalysis.CSharp.Workspaces.resources.dll",
        "tools/netcoreapp2.1/any/fr/Microsoft.CodeAnalysis.CSharp.resources.dll",
        "tools/netcoreapp2.1/any/fr/Microsoft.CodeAnalysis.Features.resources.dll",
        "tools/netcoreapp2.1/any/fr/Microsoft.CodeAnalysis.Workspaces.resources.dll",
        "tools/netcoreapp2.1/any/fr/Microsoft.CodeAnalysis.resources.dll",
        "tools/netcoreapp2.1/any/it/Microsoft.CodeAnalysis.CSharp.Features.resources.dll",
        "tools/netcoreapp2.1/any/it/Microsoft.CodeAnalysis.CSharp.Workspaces.resources.dll",
        "tools/netcoreapp2.1/any/it/Microsoft.CodeAnalysis.CSharp.resources.dll",
        "tools/netcoreapp2.1/any/it/Microsoft.CodeAnalysis.Features.resources.dll",
        "tools/netcoreapp2.1/any/it/Microsoft.CodeAnalysis.Workspaces.resources.dll",
        "tools/netcoreapp2.1/any/it/Microsoft.CodeAnalysis.resources.dll",
        "tools/netcoreapp2.1/any/ja/Microsoft.CodeAnalysis.CSharp.Features.resources.dll",
        "tools/netcoreapp2.1/any/ja/Microsoft.CodeAnalysis.CSharp.Workspaces.resources.dll",
        "tools/netcoreapp2.1/any/ja/Microsoft.CodeAnalysis.CSharp.resources.dll",
        "tools/netcoreapp2.1/any/ja/Microsoft.CodeAnalysis.Features.resources.dll",
        "tools/netcoreapp2.1/any/ja/Microsoft.CodeAnalysis.Workspaces.resources.dll",
        "tools/netcoreapp2.1/any/ja/Microsoft.CodeAnalysis.resources.dll",
        "tools/netcoreapp2.1/any/ko/Microsoft.CodeAnalysis.CSharp.Features.resources.dll",
        "tools/netcoreapp2.1/any/ko/Microsoft.CodeAnalysis.CSharp.Workspaces.resources.dll",
        "tools/netcoreapp2.1/any/ko/Microsoft.CodeAnalysis.CSharp.resources.dll",
        "tools/netcoreapp2.1/any/ko/Microsoft.CodeAnalysis.Features.resources.dll",
        "tools/netcoreapp2.1/any/ko/Microsoft.CodeAnalysis.Workspaces.resources.dll",
        "tools/netcoreapp2.1/any/ko/Microsoft.CodeAnalysis.resources.dll",
        "tools/netcoreapp2.1/any/native/linux-x64/libsecp256k1.so",
        "tools/netcoreapp2.1/any/native/linux-x64/libsolc.so",
        "tools/netcoreapp2.1/any/native/osx-x64/libsecp256k1.dylib",
        "tools/netcoreapp2.1/any/native/osx-x64/libsolc.dylib",
        "tools/netcoreapp2.1/any/native/win-x64/secp256k1.dll",
        "tools/netcoreapp2.1/any/native/win-x64/solc.dll",
        "tools/netcoreapp2.1/any/native/win-x86/secp256k1.dll",
        "tools/netcoreapp2.1/any/native/win-x86/solc.dll",
        "tools/netcoreapp2.1/any/pl/Microsoft.CodeAnalysis.CSharp.Features.resources.dll",
        "tools/netcoreapp2.1/any/pl/Microsoft.CodeAnalysis.CSharp.Workspaces.resources.dll",
        "tools/netcoreapp2.1/any/pl/Microsoft.CodeAnalysis.CSharp.resources.dll",
        "tools/netcoreapp2.1/any/pl/Microsoft.CodeAnalysis.Features.resources.dll",
        "tools/netcoreapp2.1/any/pl/Microsoft.CodeAnalysis.Workspaces.resources.dll",
        "tools/netcoreapp2.1/any/pl/Microsoft.CodeAnalysis.resources.dll",
        "tools/netcoreapp2.1/any/pt-BR/Microsoft.CodeAnalysis.CSharp.Features.resources.dll",
        "tools/netcoreapp2.1/any/pt-BR/Microsoft.CodeAnalysis.CSharp.Workspaces.resources.dll",
        "tools/netcoreapp2.1/any/pt-BR/Microsoft.CodeAnalysis.CSharp.resources.dll",
        "tools/netcoreapp2.1/any/pt-BR/Microsoft.CodeAnalysis.Features.resources.dll",
        "tools/netcoreapp2.1/any/pt-BR/Microsoft.CodeAnalysis.Workspaces.resources.dll",
        "tools/netcoreapp2.1/any/pt-BR/Microsoft.CodeAnalysis.resources.dll",
        "tools/netcoreapp2.1/any/ru/Microsoft.CodeAnalysis.CSharp.Features.resources.dll",
        "tools/netcoreapp2.1/any/ru/Microsoft.CodeAnalysis.CSharp.Workspaces.resources.dll",
        "tools/netcoreapp2.1/any/ru/Microsoft.CodeAnalysis.CSharp.resources.dll",
        "tools/netcoreapp2.1/any/ru/Microsoft.CodeAnalysis.Features.resources.dll",
        "tools/netcoreapp2.1/any/ru/Microsoft.CodeAnalysis.Workspaces.resources.dll",
        "tools/netcoreapp2.1/any/ru/Microsoft.CodeAnalysis.resources.dll",
        "tools/netcoreapp2.1/any/runtimes/unix/lib/netstandard1.3/System.Text.Encoding.CodePages.dll",
        "tools/netcoreapp2.1/any/runtimes/win/lib/netcoreapp2.1/System.Security.Cryptography.Pkcs.dll",
        "tools/netcoreapp2.1/any/runtimes/win/lib/netstandard1.3/System.Text.Encoding.CodePages.dll",
        "tools/netcoreapp2.1/any/tr/Microsoft.CodeAnalysis.CSharp.Features.resources.dll",
        "tools/netcoreapp2.1/any/tr/Microsoft.CodeAnalysis.CSharp.Workspaces.resources.dll",
        "tools/netcoreapp2.1/any/tr/Microsoft.CodeAnalysis.CSharp.resources.dll",
        "tools/netcoreapp2.1/any/tr/Microsoft.CodeAnalysis.Features.resources.dll",
        "tools/netcoreapp2.1/any/tr/Microsoft.CodeAnalysis.Workspaces.resources.dll",
        "tools/netcoreapp2.1/any/tr/Microsoft.CodeAnalysis.resources.dll",
        "tools/netcoreapp2.1/any/zh-Hans/Microsoft.CodeAnalysis.CSharp.Features.resources.dll",
        "tools/netcoreapp2.1/any/zh-Hans/Microsoft.CodeAnalysis.CSharp.Workspaces.resources.dll",
        "tools/netcoreapp2.1/any/zh-Hans/Microsoft.CodeAnalysis.CSharp.resources.dll",
        "tools/netcoreapp2.1/any/zh-Hans/Microsoft.CodeAnalysis.Features.resources.dll",
        "tools/netcoreapp2.1/any/zh-Hans/Microsoft.CodeAnalysis.Workspaces.resources.dll",
        "tools/netcoreapp2.1/any/zh-Hans/Microsoft.CodeAnalysis.resources.dll",
        "tools/netcoreapp2.1/any/zh-Hant/Microsoft.CodeAnalysis.CSharp.Features.resources.dll",
        "tools/netcoreapp2.1/any/zh-Hant/Microsoft.CodeAnalysis.CSharp.Workspaces.resources.dll",
        "tools/netcoreapp2.1/any/zh-Hant/Microsoft.CodeAnalysis.CSharp.resources.dll",
        "tools/netcoreapp2.1/any/zh-Hant/Microsoft.CodeAnalysis.Features.resources.dll",
        "tools/netcoreapp2.1/any/zh-Hant/Microsoft.CodeAnalysis.Workspaces.resources.dll",
        "tools/netcoreapp2.1/any/zh-Hant/Microsoft.CodeAnalysis.resources.dll"
      ]
    }
  },
  "projectFileDependencyGroups": {
    ".NETCoreApp,Version=v2.1": [
      "meadow.debugsolsources"
    ]
  },
  "packageFolders": {
    "c:\\Users\\matt\\Projects\\Meadow\\src\\Meadow.VSCode.Debugger\\.debugSolSourcesTool\\.store\\.stage\\325obzvj.iwx": {}
  },
  "project": {
    "version": "1.0.0",
    "restore": {
      "projectUniqueName": "C:\\Users\\matt\\AppData\\Local\\Temp\\yuy33znz.ia0\\restore.csproj",
      "projectName": "restore",
      "projectPath": "C:\\Users\\matt\\AppData\\Local\\Temp\\yuy33znz.ia0\\restore.csproj",
      "packagesPath": "c:\\Users\\matt\\Projects\\Meadow\\src\\Meadow.VSCode.Debugger\\.debugSolSourcesTool\\.store\\.stage\\325obzvj.iwx",
      "outputPath": "c:\\Users\\matt\\Projects\\Meadow\\src\\Meadow.VSCode.Debugger\\.debugSolSourcesTool\\.store\\.stage\\325obzvj.iwx\\",
      "projectStyle": "DotnetToolReference",
      "configFilePaths": [
        "C:\\Users\\matt\\AppData\\Roaming\\NuGet\\NuGet.Config",
        "C:\\Program Files (x86)\\NuGet\\Config\\Microsoft.VisualStudio.Offline.config"
      ],
      "originalTargetFrameworks": [
        "netcoreapp2.1"
      ],
      "sources": {
        "C:\\Program Files (x86)\\Microsoft SDKs\\NuGetPackages\\": {},
        "C:\\Program Files\\dotnet\\sdk\\NuGetFallbackFolder": {},
        "https://api.nuget.org/v3/index.json": {}
      },
      "frameworks": {
        "netcoreapp2.1": {
          "projectReferences": {}
        }
      },
      "warningProperties": {
        "warnAsError": [
          "NU1605"
        ]
      }
    },
    "frameworks": {
      "netcoreapp2.1": {
        "dependencies": {
          "meadow.debugsolsources": {
            "target": "Package",
            "version": "(, )"
          }
        },
        "imports": [
          "net461"
        ],
        "assetTargetFallback": true,
        "warn": true
      }
    },
    "runtimes": {
      "any": {
        "#import": []
      }
    }
  }
}